
Microsoft Visual Studio Solution File, Format Version 12.00
# Visual Studio Version 17
VisualStudioVersion = 17.2.32602.215
MinimumVisualStudioVersion = 10.0.40219.1
Project("{FAE04EC0-301F-11D3-BF4B-00C04F79EFBC}") = "CashierLineSimulator", "CashierLineSimulator\CashierLineSimulator.csproj", "{DB31368B-E7F2-4482-921C-E84CF0132C80}"
EndProject
Global
	GlobalSection(SolutionConfigurationPlatforms) = preSolution
		Debug|Any CPU = Debug|Any CPU
		Release|Any CPU = Release|Any CPU
	EndGlobalSection
	GlobalSection(ProjectConfigurationPlatforms) = postSolution
		{DB31368B-E7F2-4482-921C-E84CF0132C80}.Debug|Any CPU.ActiveCfg = Debug|Any CPU
		{DB31368B-E7F2-4482-921C-E84CF0132C80}.Debug|Any CPU.Build.0 = Debug|Any CPU
		{DB31368B-E7F2-4482-921C-E84CF0132C80}.Release|Any CPU.ActiveCfg = Release|Any CPU
		{DB31368B-E7F2-4482-921C-E84CF0132C80}.Release|Any CPU.Build.0 = Release|Any CPU
	EndGlobalSection
	GlobalSection(SolutionProperties) = preSolution
		HideSolutionNode = FALSE
	EndGlobalSection
	GlobalSection(ExtensibilityGlobals) = postSolution
		SolutionGuid = {42A9ACBC-5641-41C0-B6B6-1FB6B2F93C03}
	EndGlobalSection
EndGlobal
